
Microsoft Visual Studio Solution File, Format Version 12.00
# Visual Studio 15
Project("{FAE04EC0-301F-11D3-BF4B-00C04F79EFBC}") = "Unity.Timeline", "Unity.Timeline.csproj", "{75A10391-D81F-C5BD-F103-CEE7AC7FAFEE}"
EndProject
Project("{FAE04EC0-301F-11D3-BF4B-00C04F79EFBC}") = "Unity.Timeline.Editor", "Unity.Timeline.Editor.csproj", "{621318A0-3D6E-BB9C-D689-4A1114FBDE85}"
EndProject
Project("{FAE04EC0-301F-11D3-BF4B-00C04F79EFBC}") = "Unity.TextMeshPro.Editor", "Unity.TextMeshPro.Editor.csproj", "{4806DE94-4A5B-B96F-187B-9FB986962A7C}"
EndProject
Project("{FAE04EC0-301F-11D3-BF4B-00C04F79EFBC}") = "Unity.PlasticSCM.Editor", "Unity.PlasticSCM.Editor.csproj", "{958862BE-5E3D-9CEB-DBDE-A6DF2C9D2B90}"
EndProject
Project("{FAE04EC0-301F-11D3-BF4B-00C04F79EFBC}") = "CFXREditor", "CFXREditor.csproj", "{516779DD-DB96-9A19-EDCA-573305B7BF52}"
EndProject
Project("{FAE04EC0-301F-11D3-BF4B-00C04F79EFBC}") = "UnityEditor.UI", "UnityEditor.UI.csproj", "{DD2EB48E-EF50-369D-A923-1C39459FF206}"
EndProject
Project("{FAE04EC0-301F-11D3-BF4B-00C04F79EFBC}") = "Cinemachine", "Cinemachine.csproj", "{1C3BA91D-8603-F0A1-9AF2-E0365F3105D8}"
EndProject
Project("{FAE04EC0-301F-11D3-BF4B-00C04F79EFBC}") = "UnityEditor.TestRunner", "UnityEditor.TestRunner.csproj", "{A1F2E43E-6903-C153-5596-87669E6C5229}"
EndProject
Project("{FAE04EC0-301F-11D3-BF4B-00C04F79EFBC}") = "UnityEngine.TestRunner", "UnityEngine.TestRunner.csproj", "{69CF8179-970F-B38A-F6F5-3FD77D0565A8}"
EndProject
Project("{FAE04EC0-301F-11D3-BF4B-00C04F79EFBC}") = "CFXRRuntime", "CFXRRuntime.csproj", "{0F9C195E-6B0C-BC2E-DC99-19886A8450DD}"
EndProject
Project("{FAE04EC0-301F-11D3-BF4B-00C04F79EFBC}") = "UnityEngine.UI", "UnityEngine.UI.csproj", "{38946D1D-1905-E151-5377-73D83FEE67C2}"
EndProject
Project("{FAE04EC0-301F-11D3-BF4B-00C04F79EFBC}") = "Unity.Rider.Editor", "Unity.Rider.Editor.csproj", "{DC978444-AFA0-07F3-EFC1-2CC96820D9FF}"
EndProject
Project("{FAE04EC0-301F-11D3-BF4B-00C04F79EFBC}") = "Unity.TextMeshPro", "Unity.TextMeshPro.csproj", "{B616E059-58F2-F76B-3480-EEE8281BBA41}"
EndProject
Project("{FAE04EC0-301F-11D3-BF4B-00C04F79EFBC}") = "Assembly-CSharp", "Assembly-CSharp.csproj", "{84D4EAFD-A0D2-4808-6ACF-DCB5D541DB75}"
EndProject
Project("{FAE04EC0-301F-11D3-BF4B-00C04F79EFBC}") = "Unity.AI.Navigation.Editor", "Unity.AI.Navigation.Editor.csproj", "{6161EAEF-FEBB-B605-2772-BDB9234BBDE8}"
EndProject
Project("{FAE04EC0-301F-11D3-BF4B-00C04F79EFBC}") = "Unity.VisualStudio.Editor", "Unity.VisualStudio.Editor.csproj", "{369D391E-FEF9-D964-81BD-02B600945A9A}"
EndProject
Project("{FAE04EC0-301F-11D3-BF4B-00C04F79EFBC}") = "com.unity.cinemachine.editor", "com.unity.cinemachine.editor.csproj", "{A923186B-93F4-FE29-3E28-2CFDB6691CEB}"
EndProject
Project("{FAE04EC0-301F-11D3-BF4B-00C04F79EFBC}") = "Unity.AI.Navigation", "Unity.AI.Navigation.csproj", "{290FA55D-C5A9-BF05-FDB2-2F87C2CBF5F2}"
EndProject
Project("{FAE04EC0-301F-11D3-BF4B-00C04F79EFBC}") = "Unity.AI.Navigation.Editor.ConversionSystem", "Unity.AI.Navigation.Editor.ConversionSystem.csproj", "{9617DE63-2962-E450-33F0-220D46A77744}"
EndProject
Project("{FAE04EC0-301F-11D3-BF4B-00C04F79EFBC}") = "CFXR.WelcomeScreen", "CFXR.WelcomeScreen.csproj", "{C150CCF8-A27B-FA19-737A-67F1674942C7}"
EndProject
Project("{FAE04EC0-301F-11D3-BF4B-00C04F79EFBC}") = "Assembly-CSharp-Editor", "Assembly-CSharp-Editor.csproj", "{9CBFF704-1566-DA52-DA16-26248F9DB6D0}"
EndProject
Project("{FAE04EC0-301F-11D3-BF4B-00C04F79EFBC}") = "Unity.VSCode.Editor", "Unity.VSCode.Editor.csproj", "{3FC1FEB5-C3EC-8C1A-C0B4-39110661FD61}"
EndProject
Project("{FAE04EC0-301F-11D3-BF4B-00C04F79EFBC}") = "Unity.AI.Navigation.Updater", "Unity.AI.Navigation.Updater.csproj", "{6D312862-B671-62BD-F649-2B169A654DB4}"
EndProject
Project("{FAE04EC0-301F-11D3-BF4B-00C04F79EFBC}") = "KinoBloom.Runtime", "KinoBloom.Runtime.csproj", "{0E626D1A-A338-426D-45AC-333927864651}"
EndProject
Project("{FAE04EC0-301F-11D3-BF4B-00C04F79EFBC}") = "CFXRDemo", "CFXRDemo.csproj", "{063FB718-362C-86CF-DB89-AEEE5D2C178F}"
EndProject
Project("{FAE04EC0-301F-11D3-BF4B-00C04F79EFBC}") = "Unity.CollabProxy.Editor", "Unity.CollabProxy.Editor.csproj", "{A75A9D12-1780-2CDF-F15D-2EBD823D9BC3}"
EndProject
Project("{FAE04EC0-301F-11D3-BF4B-00C04F79EFBC}") = "ToonyColorsPro.Demo.Editor", "ToonyColorsPro.Demo.Editor.csproj", "{3452436A-BFBF-B178-7EA5-7E72EB303085}"
EndProject
Project("{FAE04EC0-301F-11D3-BF4B-00C04F79EFBC}") = "Unity.Timeline", "Unity.Timeline.Player.csproj", "{097E5874-7091-5075-AE14-A60664109C3D}"
EndProject
Project("{FAE04EC0-301F-11D3-BF4B-00C04F79EFBC}") = "Cinemachine", "Cinemachine.Player.csproj", "{5355D2F3-15F2-8B4A-1326-C69118B9880D}"
EndProject
Project("{FAE04EC0-301F-11D3-BF4B-00C04F79EFBC}") = "UnityEngine.TestRunner", "UnityEngine.TestRunner.Player.csproj", "{2F63D13E-AD1A-FCC6-84FD-B8E1B82BB99E}"
EndProject
Project("{FAE04EC0-301F-11D3-BF4B-00C04F79EFBC}") = "CFXRRuntime", "CFXRRuntime.Player.csproj", "{4D86AFF6-48D9-ADF0-C5FB-F7E05195B9D8}"
EndProject
Project("{FAE04EC0-301F-11D3-BF4B-00C04F79EFBC}") = "UnityEngine.UI", "UnityEngine.UI.Player.csproj", "{454EE577-BA6E-50B6-9DE1-F49E746832E1}"
EndProject
Project("{FAE04EC0-301F-11D3-BF4B-00C04F79EFBC}") = "Unity.TextMeshPro", "Unity.TextMeshPro.Player.csproj", "{97C44A3C-2DD6-3C65-C44D-D0A8AD08AC7C}"
EndProject
Project("{FAE04EC0-301F-11D3-BF4B-00C04F79EFBC}") = "Assembly-CSharp", "Assembly-CSharp.Player.csproj", "{3A0309EE-3278-1C50-4F0A-2BD9ED04637E}"
EndProject
Project("{FAE04EC0-301F-11D3-BF4B-00C04F79EFBC}") = "Unity.AI.Navigation", "Unity.AI.Navigation.Player.csproj", "{BC30B4AA-B5DA-11EA-C4B4-50D3BF85B535}"
EndProject
Project("{FAE04EC0-301F-11D3-BF4B-00C04F79EFBC}") = "KinoBloom.Runtime", "KinoBloom.Runtime.Player.csproj", "{D607638A-EEA4-CD2E-3743-031AE49D36EE}"
EndProject
Project("{FAE04EC0-301F-11D3-BF4B-00C04F79EFBC}") = "CFXRDemo", "CFXRDemo.Player.csproj", "{4EEA4760-5632-F4D6-FE13-64972F44F4B1}"
EndProject
Global
	GlobalSection(SolutionConfigurationPlatforms) = preSolution
		Debug|Any CPU = Debug|Any CPU
		Release|Any CPU = Release|Any CPU
	EndGlobalSection
	GlobalSection(ProjectConfigurationPlatforms) = postSolution
		{75A10391-D81F-C5BD-F103-CEE7AC7FAFEE}.Debug|Any CPU.ActiveCfg = Debug|Any CPU
		{75A10391-D81F-C5BD-F103-CEE7AC7FAFEE}.Debug|Any CPU.Build.0 = Debug|Any CPU
		{75A10391-D81F-C5BD-F103-CEE7AC7FAFEE}.Release|Any CPU.ActiveCfg = Release|Any CPU
		{75A10391-D81F-C5BD-F103-CEE7AC7FAFEE}.Release|Any CPU.Build.0 = Release|Any CPU
		{621318A0-3D6E-BB9C-D689-4A1114FBDE85}.Debug|Any CPU.ActiveCfg = Debug|Any CPU
		{621318A0-3D6E-BB9C-D689-4A1114FBDE85}.Debug|Any CPU.Build.0 = Debug|Any CPU
		{621318A0-3D6E-BB9C-D689-4A1114FBDE85}.Release|Any CPU.ActiveCfg = Release|Any CPU
		{621318A0-3D6E-BB9C-D689-4A1114FBDE85}.Release|Any CPU.Build.0 = Release|Any CPU
		{4806DE94-4A5B-B96F-187B-9FB986962A7C}.Debug|Any CPU.ActiveCfg = Debug|Any CPU
		{4806DE94-4A5B-B96F-187B-9FB986962A7C}.Debug|Any CPU.Build.0 = Debug|Any CPU
		{4806DE94-4A5B-B96F-187B-9FB986962A7C}.Release|Any CPU.ActiveCfg = Release|Any CPU
		{4806DE94-4A5B-B96F-187B-9FB986962A7C}.Release|Any CPU.Build.0 = Release|Any CPU
		{958862BE-5E3D-9CEB-DBDE-A6DF2C9D2B90}.Debug|Any CPU.ActiveCfg = Debug|Any CPU
		{958862BE-5E3D-9CEB-DBDE-A6DF2C9D2B90}.Debug|Any CPU.Build.0 = Debug|Any CPU
		{958862BE-5E3D-9CEB-DBDE-A6DF2C9D2B90}.Release|Any CPU.ActiveCfg = Release|Any CPU
		{958862BE-5E3D-9CEB-DBDE-A6DF2C9D2B90}.Release|Any CPU.Build.0 = Release|Any CPU
		{516779DD-DB96-9A19-EDCA-573305B7BF52}.Debug|Any CPU.ActiveCfg = Debug|Any CPU
		{516779DD-DB96-9A19-EDCA-573305B7BF52}.Debug|Any CPU.Build.0 = Debug|Any CPU
		{516779DD-DB96-9A19-EDCA-573305B7BF52}.Release|Any CPU.ActiveCfg = Release|Any CPU
		{516779DD-DB96-9A19-EDCA-573305B7BF52}.Release|Any CPU.Build.0 = Release|Any CPU
		{DD2EB48E-EF50-369D-A923-1C39459FF206}.Debug|Any CPU.ActiveCfg = Debug|Any CPU
		{DD2EB48E-EF50-369D-A923-1C39459FF206}.Debug|Any CPU.Build.0 = Debug|Any CPU
		{DD2EB48E-EF50-369D-A923-1C39459FF206}.Release|Any CPU.ActiveCfg = Release|Any CPU
		{DD2EB48E-EF50-369D-A923-1C39459FF206}.Release|Any CPU.Build.0 = Release|Any CPU
		{1C3BA91D-8603-F0A1-9AF2-E0365F3105D8}.Debug|Any CPU.ActiveCfg = Debug|Any CPU
		{1C3BA91D-8603-F0A1-9AF2-E0365F3105D8}.Debug|Any CPU.Build.0 = Debug|Any CPU
		{1C3BA91D-8603-F0A1-9AF2-E0365F3105D8}.Release|Any CPU.ActiveCfg = Release|Any CPU
		{1C3BA91D-8603-F0A1-9AF2-E0365F3105D8}.Release|Any CPU.Build.0 = Release|Any CPU
		{A1F2E43E-6903-C153-5596-87669E6C5229}.Debug|Any CPU.ActiveCfg = Debug|Any CPU
		{A1F2E43E-6903-C153-5596-87669E6C5229}.Debug|Any CPU.Build.0 = Debug|Any CPU
		{A1F2E43E-6903-C153-5596-87669E6C5229}.Release|Any CPU.ActiveCfg = Release|Any CPU
		{A1F2E43E-6903-C153-5596-87669E6C5229}.Release|Any CPU.Build.0 = Release|Any CPU
		{69CF8179-970F-B38A-F6F5-3FD77D0565A8}.Debug|Any CPU.ActiveCfg = Debug|Any CPU
		{69CF8179-970F-B38A-F6F5-3FD77D0565A8}.Debug|Any CPU.Build.0 = Debug|Any CPU
		{69CF8179-970F-B38A-F6F5-3FD77D0565A8}.Release|Any CPU.ActiveCfg = Release|Any CPU
		{69CF8179-970F-B38A-F6F5-3FD77D0565A8}.Release|Any CPU.Build.0 = Release|Any CPU
		{0F9C195E-6B0C-BC2E-DC99-19886A8450DD}.Debug|Any CPU.ActiveCfg = Debug|Any CPU
		{0F9C195E-6B0C-BC2E-DC99-19886A8450DD}.Debug|Any CPU.Build.0 = Debug|Any CPU
		{0F9C195E-6B0C-BC2E-DC99-19886A8450DD}.Release|Any CPU.ActiveCfg = Release|Any CPU
		{0F9C195E-6B0C-BC2E-DC99-19886A8450DD}.Release|Any CPU.Build.0 = Release|Any CPU
		{38946D1D-1905-E151-5377-73D83FEE67C2}.Debug|Any CPU.ActiveCfg = Debug|Any CPU
		{38946D1D-1905-E151-5377-73D83FEE67C2}.Debug|Any CPU.Build.0 = Debug|Any CPU
		{38946D1D-1905-E151-5377-73D83FEE67C2}.Release|Any CPU.ActiveCfg = Release|Any CPU
		{38946D1D-1905-E151-5377-73D83FEE67C2}.Release|Any CPU.Build.0 = Release|Any CPU
		{DC978444-AFA0-07F3-EFC1-2CC96820D9FF}.Debug|Any CPU.ActiveCfg = Debug|Any CPU
		{DC978444-AFA0-07F3-EFC1-2CC96820D9FF}.Debug|Any CPU.Build.0 = Debug|Any CPU
		{DC978444-AFA0-07F3-EFC1-2CC96820D9FF}.Release|Any CPU.ActiveCfg = Release|Any CPU
		{DC978444-AFA0-07F3-EFC1-2CC96820D9FF}.Release|Any CPU.Build.0 = Release|Any CPU
		{B616E059-58F2-F76B-3480-EEE8281BBA41}.Debug|Any CPU.ActiveCfg = Debug|Any CPU
		{B616E059-58F2-F76B-3480-EEE8281BBA41}.Debug|Any CPU.Build.0 = Debug|Any CPU
		{B616E059-58F2-F76B-3480-EEE8281BBA41}.Release|Any CPU.ActiveCfg = Release|Any CPU
		{B616E059-58F2-F76B-3480-EEE8281BBA41}.Release|Any CPU.Build.0 = Release|Any CPU
		{84D4EAFD-A0D2-4808-6ACF-DCB5D541DB75}.Debug|Any CPU.ActiveCfg = Debug|Any CPU
		{84D4EAFD-A0D2-4808-6ACF-DCB5D541DB75}.Debug|Any CPU.Build.0 = Debug|Any CPU
		{84D4EAFD-A0D2-4808-6ACF-DCB5D541DB75}.Release|Any CPU.ActiveCfg = Release|Any CPU
		{84D4EAFD-A0D2-4808-6ACF-DCB5D541DB75}.Release|Any CPU.Build.0 = Release|Any CPU
		{6161EAEF-FEBB-B605-2772-BDB9234BBDE8}.Debug|Any CPU.ActiveCfg = Debug|Any CPU
		{6161EAEF-FEBB-B605-2772-BDB9234BBDE8}.Debug|Any CPU.Build.0 = Debug|Any CPU
		{6161EAEF-FEBB-B605-2772-BDB9234BBDE8}.Release|Any CPU.ActiveCfg = Release|Any CPU
		{6161EAEF-FEBB-B605-2772-BDB9234BBDE8}.Release|Any CPU.Build.0 = Release|Any CPU
		{369D391E-FEF9-D964-81BD-02B600945A9A}.Debug|Any CPU.ActiveCfg = Debug|Any CPU
		{369D391E-FEF9-D964-81BD-02B600945A9A}.Debug|Any CPU.Build.0 = Debug|Any CPU
		{369D391E-FEF9-D964-81BD-02B600945A9A}.Release|Any CPU.ActiveCfg = Release|Any CPU
		{369D391E-FEF9-D964-81BD-02B600945A9A}.Release|Any CPU.Build.0 = Release|Any CPU
		{A923186B-93F4-FE29-3E28-2CFDB6691CEB}.Debug|Any CPU.ActiveCfg = Debug|Any CPU
		{A923186B-93F4-FE29-3E28-2CFDB6691CEB}.Debug|Any CPU.Build.0 = Debug|Any CPU
		{A923186B-93F4-FE29-3E28-2CFDB6691CEB}.Release|Any CPU.ActiveCfg = Release|Any CPU
		{A923186B-93F4-FE29-3E28-2CFDB6691CEB}.Release|Any CPU.Build.0 = Release|Any CPU
		{290FA55D-C5A9-BF05-FDB2-2F87C2CBF5F2}.Debug|Any CPU.ActiveCfg = Debug|Any CPU
		{290FA55D-C5A9-BF05-FDB2-2F87C2CBF5F2}.Debug|Any CPU.Build.0 = Debug|Any CPU
		{290FA55D-C5A9-BF05-FDB2-2F87C2CBF5F2}.Release|Any CPU.ActiveCfg = Release|Any CPU
		{290FA55D-C5A9-BF05-FDB2-2F87C2CBF5F2}.Release|Any CPU.Build.0 = Release|Any CPU
		{9617DE63-2962-E450-33F0-220D46A77744}.Debug|Any CPU.ActiveCfg = Debug|Any CPU
		{9617DE63-2962-E450-33F0-220D46A77744}.Debug|Any CPU.Build.0 = Debug|Any CPU
		{9617DE63-2962-E450-33F0-220D46A77744}.Release|Any CPU.ActiveCfg = Release|Any CPU
		{9617DE63-2962-E450-33F0-220D46A77744}.Release|Any CPU.Build.0 = Release|Any CPU
		{C150CCF8-A27B-FA19-737A-67F1674942C7}.Debug|Any CPU.ActiveCfg = Debug|Any CPU
		{C150CCF8-A27B-FA19-737A-67F1674942C7}.Debug|Any CPU.Build.0 = Debug|Any CPU
		{C150CCF8-A27B-FA19-737A-67F1674942C7}.Release|Any CPU.ActiveCfg = Release|Any CPU
		{C150CCF8-A27B-FA19-737A-67F1674942C7}.Release|Any CPU.Build.0 = Release|Any CPU
		{9CBFF704-1566-DA52-DA16-26248F9DB6D0}.Debug|Any CPU.ActiveCfg = Debug|Any CPU
		{9CBFF704-1566-DA52-DA16-26248F9DB6D0}.Debug|Any CPU.Build.0 = Debug|Any CPU
		{9CBFF704-1566-DA52-DA16-26248F9DB6D0}.Release|Any CPU.ActiveCfg = Release|Any CPU
		{9CBFF704-1566-DA52-DA16-26248F9DB6D0}.Release|Any CPU.Build.0 = Release|Any CPU
		{3FC1FEB5-C3EC-8C1A-C0B4-39110661FD61}.Debug|Any CPU.ActiveCfg = Debug|Any CPU
		{3FC1FEB5-C3EC-8C1A-C0B4-39110661FD61}.Debug|Any CPU.Build.0 = Debug|Any CPU
		{3FC1FEB5-C3EC-8C1A-C0B4-39110661FD61}.Release|Any CPU.ActiveCfg = Release|Any CPU
		{3FC1FEB5-C3EC-8C1A-C0B4-39110661FD61}.Release|Any CPU.Build.0 = Release|Any CPU
		{6D312862-B671-62BD-F649-2B169A654DB4}.Debug|Any CPU.ActiveCfg = Debug|Any CPU
		{6D312862-B671-62BD-F649-2B169A654DB4}.Debug|Any CPU.Build.0 = Debug|Any CPU
		{6D312862-B671-62BD-F649-2B169A654DB4}.Release|Any CPU.ActiveCfg = Release|Any CPU
		{6D312862-B671-62BD-F649-2B169A654DB4}.Release|Any CPU.Build.0 = Release|Any CPU
		{0E626D1A-A338-426D-45AC-333927864651}.Debug|Any CPU.ActiveCfg = Debug|Any CPU
		{0E626D1A-A338-426D-45AC-333927864651}.Debug|Any CPU.Build.0 = Debug|Any CPU
		{0E626D1A-A338-426D-45AC-333927864651}.Release|Any CPU.ActiveCfg = Release|Any CPU
		{0E626D1A-A338-426D-45AC-333927864651}.Release|Any CPU.Build.0 = Release|Any CPU
		{063FB718-362C-86CF-DB89-AEEE5D2C178F}.Debug|Any CPU.ActiveCfg = Debug|Any CPU
		{063FB718-362C-86CF-DB89-AEEE5D2C178F}.Debug|Any CPU.Build.0 = Debug|Any CPU
		{063FB718-362C-86CF-DB89-AEEE5D2C178F}.Release|Any CPU.ActiveCfg = Release|Any CPU
		{063FB718-362C-86CF-DB89-AEEE5D2C178F}.Release|Any CPU.Build.0 = Release|Any CPU
		{A75A9D12-1780-2CDF-F15D-2EBD823D9BC3}.Debug|Any CPU.ActiveCfg = Debug|Any CPU
		{A75A9D12-1780-2CDF-F15D-2EBD823D9BC3}.Debug|Any CPU.Build.0 = Debug|Any CPU
		{A75A9D12-1780-2CDF-F15D-2EBD823D9BC3}.Release|Any CPU.ActiveCfg = Release|Any CPU
		{A75A9D12-1780-2CDF-F15D-2EBD823D9BC3}.Release|Any CPU.Build.0 = Release|Any CPU
		{3452436A-BFBF-B178-7EA5-7E72EB303085}.Debug|Any CPU.ActiveCfg = Debug|Any CPU
		{3452436A-BFBF-B178-7EA5-7E72EB303085}.Debug|Any CPU.Build.0 = Debug|Any CPU
		{3452436A-BFBF-B178-7EA5-7E72EB303085}.Release|Any CPU.ActiveCfg = Release|Any CPU
		{3452436A-BFBF-B178-7EA5-7E72EB303085}.Release|Any CPU.Build.0 = Release|Any CPU
		{097E5874-7091-5075-AE14-A60664109C3D}.Debug|Any CPU.ActiveCfg = Debug|Any CPU
		{097E5874-7091-5075-AE14-A60664109C3D}.Debug|Any CPU.Build.0 = Debug|Any CPU
		{097E5874-7091-5075-AE14-A60664109C3D}.Release|Any CPU.ActiveCfg = Release|Any CPU
		{097E5874-7091-5075-AE14-A60664109C3D}.Release|Any CPU.Build.0 = Release|Any CPU
		{5355D2F3-15F2-8B4A-1326-C69118B9880D}.Debug|Any CPU.ActiveCfg = Debug|Any CPU
		{5355D2F3-15F2-8B4A-1326-C69118B9880D}.Debug|Any CPU.Build.0 = Debug|Any CPU
		{5355D2F3-15F2-8B4A-1326-C69118B9880D}.Release|Any CPU.ActiveCfg = Release|Any CPU
		{5355D2F3-15F2-8B4A-1326-C69118B9880D}.Release|Any CPU.Build.0 = Release|Any CPU
		{2F63D13E-AD1A-FCC6-84FD-B8E1B82BB99E}.Debug|Any CPU.ActiveCfg = Debug|Any CPU
		{2F63D13E-AD1A-FCC6-84FD-B8E1B82BB99E}.Debug|Any CPU.Build.0 = Debug|Any CPU
		{2F63D13E-AD1A-FCC6-84FD-B8E1B82BB99E}.Release|Any CPU.ActiveCfg = Release|Any CPU
		{2F63D13E-AD1A-FCC6-84FD-B8E1B82BB99E}.Release|Any CPU.Build.0 = Release|Any CPU
		{4D86AFF6-48D9-ADF0-C5FB-F7E05195B9D8}.Debug|Any CPU.ActiveCfg = Debug|Any CPU
		{4D86AFF6-48D9-ADF0-C5FB-F7E05195B9D8}.Debug|Any CPU.Build.0 = Debug|Any CPU
		{4D86AFF6-48D9-ADF0-C5FB-F7E05195B9D8}.Release|Any CPU.ActiveCfg = Release|Any CPU
		{4D86AFF6-48D9-ADF0-C5FB-F7E05195B9D8}.Release|Any CPU.Build.0 = Release|Any CPU
		{454EE577-BA6E-50B6-9DE1-F49E746832E1}.Debug|Any CPU.ActiveCfg = Debug|Any CPU
		{454EE577-BA6E-50B6-9DE1-F49E746832E1}.Debug|Any CPU.Build.0 = Debug|Any CPU
		{454EE577-BA6E-50B6-9DE1-F49E746832E1}.Release|Any CPU.ActiveCfg = Release|Any CPU
		{454EE577-BA6E-50B6-9DE1-F49E746832E1}.Release|Any CPU.Build.0 = Release|Any CPU
		{97C44A3C-2DD6-3C65-C44D-D0A8AD08AC7C}.Debug|Any CPU.ActiveCfg = Debug|Any CPU
		{97C44A3C-2DD6-3C65-C44D-D0A8AD08AC7C}.Debug|Any CPU.Build.0 = Debug|Any CPU
		{97C44A3C-2DD6-3C65-C44D-D0A8AD08AC7C}.Release|Any CPU.ActiveCfg = Release|Any CPU
		{97C44A3C-2DD6-3C65-C44D-D0A8AD08AC7C}.Release|Any CPU.Build.0 = Release|Any CPU
		{3A0309EE-3278-1C50-4F0A-2BD9ED04637E}.Debug|Any CPU.ActiveCfg = Debug|Any CPU
		{3A0309EE-3278-1C50-4F0A-2BD9ED04637E}.Debug|Any CPU.Build.0 = Debug|Any CPU
		{3A0309EE-3278-1C50-4F0A-2BD9ED04637E}.Release|Any CPU.ActiveCfg = Release|Any CPU
		{3A0309EE-3278-1C50-4F0A-2BD9ED04637E}.Release|Any CPU.Build.0 = Release|Any CPU
		{BC30B4AA-B5DA-11EA-C4B4-50D3BF85B535}.Debug|Any CPU.ActiveCfg = Debug|Any CPU
		{BC30B4AA-B5DA-11EA-C4B4-50D3BF85B535}.Debug|Any CPU.Build.0 = Debug|Any CPU
		{BC30B4AA-B5DA-11EA-C4B4-50D3BF85B535}.Release|Any CPU.ActiveCfg = Release|Any CPU
		{BC30B4AA-B5DA-11EA-C4B4-50D3BF85B535}.Release|Any CPU.Build.0 = Release|Any CPU
		{D607638A-EEA4-CD2E-3743-031AE49D36EE}.Debug|Any CPU.ActiveCfg = Debug|Any CPU
		{D607638A-EEA4-CD2E-3743-031AE49D36EE}.Debug|Any CPU.Build.0 = Debug|Any CPU
		{D607638A-EEA4-CD2E-3743-031AE49D36EE}.Release|Any CPU.ActiveCfg = Release|Any CPU
		{D607638A-EEA4-CD2E-3743-031AE49D36EE}.Release|Any CPU.Build.0 = Release|Any CPU
		{4EEA4760-5632-F4D6-FE13-64972F44F4B1}.Debug|Any CPU.ActiveCfg = Debug|Any CPU
		{4EEA4760-5632-F4D6-FE13-64972F44F4B1}.Debug|Any CPU.Build.0 = Debug|Any CPU
		{4EEA4760-5632-F4D6-FE13-64972F44F4B1}.Release|Any CPU.ActiveCfg = Release|Any CPU
		{4EEA4760-5632-F4D6-FE13-64972F44F4B1}.Release|Any CPU.Build.0 = Release|Any CPU
	EndGlobalSection
	GlobalSection(SolutionProperties) = preSolution
		HideSolutionNode = FALSE
	EndGlobalSection
EndGlobal
